
Microsoft Visual Studio Solution File, Format Version 12.00
# Visual Studio Version 17
VisualStudioVersion = 17.6.33717.318
MinimumVisualStudioVersion = 10.0.40219.1
Project("{FAE04EC0-301F-11D3-BF4B-00C04F79EFBC}") = "Hangman", "Hangman\Hangman.csproj", "{9D7E0530-AA5F-4436-B915-DD0CAE9FD7FB}"
EndProject
Global
	GlobalSection(SolutionConfigurationPlatforms) = preSolution
		Debug|Any CPU = Debug|Any CPU
		Release|Any CPU = Release|Any CPU
	EndGlobalSection
	GlobalSection(ProjectConfigurationPlatforms) = postSolution
		{9D7E0530-AA5F-4436-B915-DD0CAE9FD7FB}.Debug|Any CPU.ActiveCfg = Debug|Any CPU
		{9D7E0530-AA5F-4436-B915-DD0CAE9FD7FB}.Debug|Any CPU.Build.0 = Debug|Any CPU
		{9D7E0530-AA5F-4436-B915-DD0CAE9FD7FB}.Release|Any CPU.ActiveCfg = Release|Any CPU
		{9D7E0530-AA5F-4436-B915-DD0CAE9FD7FB}.Release|Any CPU.Build.0 = Release|Any CPU
	EndGlobalSection
	GlobalSection(SolutionProperties) = preSolution
		HideSolutionNode = FALSE
	EndGlobalSection
	GlobalSection(ExtensibilityGlobals) = postSolution
		SolutionGuid = {B6CC0123-5C86-45B7-90B7-F25B923AF815}
	EndGlobalSection
EndGlobal
